{
  "nodes": {
    "nixpkgs": {
      "locked": {
        "lastModified": 1655470064,
        "narHash": "sha256-sELkMX4YGAoH78ci1mCBpW0ZSjqEMVzs9kSQz4gRAJs=",
        "owner": "nixos",
        "repo": "nixpkgs",
        "rev": "f919a40e544da31a3b4b42e87cf30a5078c2b09c",
        "type": "github"
      },
      "original": {
        "owner": "nixos",
        "ref": "release-22.05",
        "repo": "nixpkgs",
        "type": "github"
      }
    },
    "root": {
      "inputs": {
        "nixpkgs": "nixpkgs"
      }
    }
  },
  "root": "root",
  "version": 7
}
