{
  "nodes": {
    "nixpkgs": {
      "locked": {
        "lastModified": 1653062028,
        "narHash": "sha256-iisL2oDrKYNRy/dIQZi27e4p7ENn/j+QmmmUr76a+9s=",
        "owner": "nixos",
        "repo": "nixpkgs",
        "rev": "2857b73e5cd7be95aa075a7a4e2d2cacb4203b25",
        "type": "github"
      },
      "original": {
        "owner": "nixos",
        "ref": "release-21.11",
        "repo": "nixpkgs",
        "type": "github"
      }
    },
    "root": {
      "inputs": {
        "nixpkgs": "nixpkgs"
      }
    }
  },
  "root": "root",
  "version": 7
}
